
Microsoft Visual Studio Solution File, Format Version 12.00
# Visual Studio Version 16
VisualStudioVersion = 16.0.30523.141
MinimumVisualStudioVersion = 10.0.40219.1
Project("{9A19103F-16F7-4668-BE54-9A1E7A4F7556}") = "DotNetAssesmentApi", "DotNetAssesmentApi\DotNetAssesmentApi.csproj", "{45FF063C-E659-4C56-8D0C-344F0D458F68}"
EndProject
Project("{9A19103F-16F7-4668-BE54-9A1E7A4F7556}") = "DotNetAssesmentDataContext", "DotNetAssesmentDataContext\DotNetAssesmentDataContext.csproj", "{FFDFBF70-577D-4183-A69D-3F571FD1F004}"
EndProject
Project("{FAE04EC0-301F-11D3-BF4B-00C04F79EFBC}") = "DotNetAssesmentTest", "DotNetAssesmentTest\DotNetAssesmentTest.csproj", "{A1B744E2-F9BF-46A6-9F8E-298FFEA4C13A}"
EndProject
Global
	GlobalSection(SolutionConfigurationPlatforms) = preSolution
		Debug|Any CPU = Debug|Any CPU
		Release|Any CPU = Release|Any CPU
	EndGlobalSection
	GlobalSection(ProjectConfigurationPlatforms) = postSolution
		{45FF063C-E659-4C56-8D0C-344F0D458F68}.Debug|Any CPU.ActiveCfg = Debug|Any CPU
		{45FF063C-E659-4C56-8D0C-344F0D458F68}.Debug|Any CPU.Build.0 = Debug|Any CPU
		{45FF063C-E659-4C56-8D0C-344F0D458F68}.Release|Any CPU.ActiveCfg = Release|Any CPU
		{45FF063C-E659-4C56-8D0C-344F0D458F68}.Release|Any CPU.Build.0 = Release|Any CPU
		{FFDFBF70-577D-4183-A69D-3F571FD1F004}.Debug|Any CPU.ActiveCfg = Debug|Any CPU
		{FFDFBF70-577D-4183-A69D-3F571FD1F004}.Debug|Any CPU.Build.0 = Debug|Any CPU
		{FFDFBF70-577D-4183-A69D-3F571FD1F004}.Release|Any CPU.ActiveCfg = Release|Any CPU
		{FFDFBF70-577D-4183-A69D-3F571FD1F004}.Release|Any CPU.Build.0 = Release|Any CPU
		{A1B744E2-F9BF-46A6-9F8E-298FFEA4C13A}.Debug|Any CPU.ActiveCfg = Debug|Any CPU
		{A1B744E2-F9BF-46A6-9F8E-298FFEA4C13A}.Debug|Any CPU.Build.0 = Debug|Any CPU
		{A1B744E2-F9BF-46A6-9F8E-298FFEA4C13A}.Release|Any CPU.ActiveCfg = Release|Any CPU
		{A1B744E2-F9BF-46A6-9F8E-298FFEA4C13A}.Release|Any CPU.Build.0 = Release|Any CPU
	EndGlobalSection
	GlobalSection(SolutionProperties) = preSolution
		HideSolutionNode = FALSE
	EndGlobalSection
	GlobalSection(ExtensibilityGlobals) = postSolution
		SolutionGuid = {4F9D50B6-AD00-4462-903F-00E1328CCF7B}
	EndGlobalSection
EndGlobal
